
Microsoft Visual Studio Solution File, Format Version 12.00
# Visual Studio 15
VisualStudioVersion = 15.0.28010.2036
MinimumVisualStudioVersion = 10.0.40219.1
Project("{9A19103F-16F7-4668-BE54-9A1E7A4F7556}") = "Pluralsight.AuthorizationServer", "Pluralsight.AuthorizationServer.csproj", "{34A2D2B5-585C-4AF7-B8BF-3FE746793E6D}"
EndProject
Global
	GlobalSection(SolutionConfigurationPlatforms) = preSolution
		Debug|Any CPU = Debug|Any CPU
		Release|Any CPU = Release|Any CPU
	EndGlobalSection
	GlobalSection(ProjectConfigurationPlatforms) = postSolution
		{34A2D2B5-585C-4AF7-B8BF-3FE746793E6D}.Debug|Any CPU.ActiveCfg = Debug|Any CPU
		{34A2D2B5-585C-4AF7-B8BF-3FE746793E6D}.Debug|Any CPU.Build.0 = Debug|Any CPU
		{34A2D2B5-585C-4AF7-B8BF-3FE746793E6D}.Release|Any CPU.ActiveCfg = Release|Any CPU
		{34A2D2B5-585C-4AF7-B8BF-3FE746793E6D}.Release|Any CPU.Build.0 = Release|Any CPU
	EndGlobalSection
	GlobalSection(SolutionProperties) = preSolution
		HideSolutionNode = FALSE
	EndGlobalSection
	GlobalSection(ExtensibilityGlobals) = postSolution
		SolutionGuid = {08A69EE3-E595-4A5F-AA41-5CB1BBF28150}
	EndGlobalSection
EndGlobal
