
Microsoft Visual Studio Solution File, Format Version 12.00
# Visual Studio 15
VisualStudioVersion = 15.0.28010.2036
MinimumVisualStudioVersion = 10.0.40219.1
Project("{9A19103F-16F7-4668-BE54-9A1E7A4F7556}") = "Marvin.IDP", "Marvin.IDP.csproj", "{742C9530-41CB-4620-9B91-50A647361E90}"
EndProject
Global
	GlobalSection(SolutionConfigurationPlatforms) = preSolution
		Debug|Any CPU = Debug|Any CPU
		Release|Any CPU = Release|Any CPU
	EndGlobalSection
	GlobalSection(ProjectConfigurationPlatforms) = postSolution
		{742C9530-41CB-4620-9B91-50A647361E90}.Debug|Any CPU.ActiveCfg = Debug|Any CPU
		{742C9530-41CB-4620-9B91-50A647361E90}.Debug|Any CPU.Build.0 = Debug|Any CPU
		{742C9530-41CB-4620-9B91-50A647361E90}.Release|Any CPU.ActiveCfg = Release|Any CPU
		{742C9530-41CB-4620-9B91-50A647361E90}.Release|Any CPU.Build.0 = Release|Any CPU
	EndGlobalSection
	GlobalSection(SolutionProperties) = preSolution
		HideSolutionNode = FALSE
	EndGlobalSection
	GlobalSection(ExtensibilityGlobals) = postSolution
		SolutionGuid = {E2AFA838-D699-4F75-AA94-B3CA4BDC4EA2}
	EndGlobalSection
EndGlobal
